
Microsoft Visual Studio Solution File, Format Version 12.00
# Visual Studio Version 16
VisualStudioVersion = 16.0.30804.86
MinimumVisualStudioVersion = 10.0.40219.1
Project("{9A19103F-16F7-4668-BE54-9A1E7A4F7556}") = "Functions", "Functions\Functions.csproj", "{ED82AA3F-3700-4C81-8393-89270437C908}"
EndProject
Project("{2150E333-8FDC-42A3-9474-1A3956D46DE8}") = "Solution Items", "Solution Items", "{3B225C6C-F286-4B9E-9710-C63C12D70FA0}"
	ProjectSection(SolutionItems) = preProject
		.editorconfig = .editorconfig
		CODE_OF_CONDUCT.md = CODE_OF_CONDUCT.md
		LICENSE = LICENSE
		README.md = README.md
		.gitignore = .gitignore
		Directory.Build.props = Directory.Build.props
	EndProjectSection
EndProject
Project("{9A19103F-16F7-4668-BE54-9A1E7A4F7556}") = "Tests", "Tests\Tests.csproj", "{E7E72F74-A4A4-4D3F-8F97-703FA172647C}"
EndProject
Global
	GlobalSection(SolutionConfigurationPlatforms) = preSolution
		Debug|Any CPU = Debug|Any CPU
		Release|Any CPU = Release|Any CPU
	EndGlobalSection
	GlobalSection(ProjectConfigurationPlatforms) = postSolution
		{ED82AA3F-3700-4C81-8393-89270437C908}.Debug|Any CPU.ActiveCfg = Debug|Any CPU
		{ED82AA3F-3700-4C81-8393-89270437C908}.Debug|Any CPU.Build.0 = Debug|Any CPU
		{ED82AA3F-3700-4C81-8393-89270437C908}.Release|Any CPU.ActiveCfg = Release|Any CPU
		{ED82AA3F-3700-4C81-8393-89270437C908}.Release|Any CPU.Build.0 = Release|Any CPU
		{E7E72F74-A4A4-4D3F-8F97-703FA172647C}.Debug|Any CPU.ActiveCfg = Debug|Any CPU
		{E7E72F74-A4A4-4D3F-8F97-703FA172647C}.Debug|Any CPU.Build.0 = Debug|Any CPU
		{E7E72F74-A4A4-4D3F-8F97-703FA172647C}.Release|Any CPU.ActiveCfg = Release|Any CPU
		{E7E72F74-A4A4-4D3F-8F97-703FA172647C}.Release|Any CPU.Build.0 = Release|Any CPU
	EndGlobalSection
	GlobalSection(SolutionProperties) = preSolution
		HideSolutionNode = FALSE
	EndGlobalSection
	GlobalSection(ExtensibilityGlobals) = postSolution
		SolutionGuid = {7BD7991F-4C24-4E37-B360-DF19E0151222}
	EndGlobalSection
EndGlobal
