
Microsoft Visual Studio Solution File, Format Version 12.00
# Visual Studio Version 17
VisualStudioVersion = 17.0.31717.71
MinimumVisualStudioVersion = 10.0.40219.1
Project("{9A19103F-16F7-4668-BE54-9A1E7A4F7556}") = "HaveIBeenPwned.PwnedPasswords", "Functions\HaveIBeenPwned.PwnedPasswords.csproj", "{ED82AA3F-3700-4C81-8393-89270437C908}"
EndProject
Project("{2150E333-8FDC-42A3-9474-1A3956D46DE8}") = "Solution Items", "Solution Items", "{3B225C6C-F286-4B9E-9710-C63C12D70FA0}"
	ProjectSection(SolutionItems) = preProject
		.editorconfig = .editorconfig
		.gitignore = .gitignore
		CODE_OF_CONDUCT.md = CODE_OF_CONDUCT.md
		Directory.Build.props = Directory.Build.props
		Ingestion.md = Ingestion.md
		LICENSE = LICENSE
		README.md = README.md
	EndProjectSection
EndProject
Project("{9A19103F-16F7-4668-BE54-9A1E7A4F7556}") = "HaveIBeenPwned.PwnedPasswords.Tests", "Functions.Tests\HaveIBeenPwned.PwnedPasswords.Tests.csproj", "{E7E72F74-A4A4-4D3F-8F97-703FA172647C}"
EndProject
Project("{2150E333-8FDC-42A3-9474-1A3956D46DE8}") = "Tools", "Tools", "{B021F493-5AEB-4EE5-8B91-57BFD3BF8509}"
EndProject
Project("{9A19103F-16F7-4668-BE54-9A1E7A4F7556}") = "PwnedPasswords-Prepare", "Tools\PwnedPasswords-Prepare\PwnedPasswords-Prepare.csproj", "{C131096C-7057-41C5-87CC-2598A9B815C5}"
EndProject
Project("{9A19103F-16F7-4668-BE54-9A1E7A4F7556}") = "HaveIBeenPwned.PwnedPasswords.Shared", "Shared\HaveIBeenPwned.PwnedPasswords.Shared\HaveIBeenPwned.PwnedPasswords.Shared.csproj", "{971D450C-14F1-4C60-B497-6E7C9BF378E1}"
EndProject
Global
	GlobalSection(SolutionConfigurationPlatforms) = preSolution
		Debug|Any CPU = Debug|Any CPU
		Release|Any CPU = Release|Any CPU
	EndGlobalSection
	GlobalSection(ProjectConfigurationPlatforms) = postSolution
		{ED82AA3F-3700-4C81-8393-89270437C908}.Debug|Any CPU.ActiveCfg = Debug|Any CPU
		{ED82AA3F-3700-4C81-8393-89270437C908}.Debug|Any CPU.Build.0 = Debug|Any CPU
		{ED82AA3F-3700-4C81-8393-89270437C908}.Release|Any CPU.ActiveCfg = Release|Any CPU
		{ED82AA3F-3700-4C81-8393-89270437C908}.Release|Any CPU.Build.0 = Release|Any CPU
		{E7E72F74-A4A4-4D3F-8F97-703FA172647C}.Debug|Any CPU.ActiveCfg = Debug|Any CPU
		{E7E72F74-A4A4-4D3F-8F97-703FA172647C}.Debug|Any CPU.Build.0 = Debug|Any CPU
		{E7E72F74-A4A4-4D3F-8F97-703FA172647C}.Release|Any CPU.ActiveCfg = Release|Any CPU
		{E7E72F74-A4A4-4D3F-8F97-703FA172647C}.Release|Any CPU.Build.0 = Release|Any CPU
		{C131096C-7057-41C5-87CC-2598A9B815C5}.Debug|Any CPU.ActiveCfg = Debug|Any CPU
		{C131096C-7057-41C5-87CC-2598A9B815C5}.Debug|Any CPU.Build.0 = Debug|Any CPU
		{C131096C-7057-41C5-87CC-2598A9B815C5}.Release|Any CPU.ActiveCfg = Release|Any CPU
		{C131096C-7057-41C5-87CC-2598A9B815C5}.Release|Any CPU.Build.0 = Release|Any CPU
		{971D450C-14F1-4C60-B497-6E7C9BF378E1}.Debug|Any CPU.ActiveCfg = Debug|Any CPU
		{971D450C-14F1-4C60-B497-6E7C9BF378E1}.Debug|Any CPU.Build.0 = Debug|Any CPU
		{971D450C-14F1-4C60-B497-6E7C9BF378E1}.Release|Any CPU.ActiveCfg = Release|Any CPU
		{971D450C-14F1-4C60-B497-6E7C9BF378E1}.Release|Any CPU.Build.0 = Release|Any CPU
	EndGlobalSection
	GlobalSection(SolutionProperties) = preSolution
		HideSolutionNode = FALSE
	EndGlobalSection
	GlobalSection(NestedProjects) = preSolution
		{C131096C-7057-41C5-87CC-2598A9B815C5} = {B021F493-5AEB-4EE5-8B91-57BFD3BF8509}
	EndGlobalSection
	GlobalSection(ExtensibilityGlobals) = postSolution
		SolutionGuid = {7BD7991F-4C24-4E37-B360-DF19E0151222}
	EndGlobalSection
EndGlobal
